
Microsoft Visual Studio Solution File, Format Version 12.00
# Visual Studio Version 17
VisualStudioVersion = 17.12.35527.113 d17.12
MinimumVisualStudioVersion = 10.0.40219.1
Project("{FAE04EC0-301F-11D3-BF4B-00C04F79EFBC}") = "Endoce_Decode_Strings", "Endoce_Decode_Strings\Endoce_Decode_Strings.csproj", "{5D6C0A45-969B-40B5-82E5-D6233C799208}"
EndProject
Project("{FAE04EC0-301F-11D3-BF4B-00C04F79EFBC}") = "Test", "Test\Test.csproj", "{04F0C79C-B2E7-478D-AE5C-1BA1E0F6EA36}"
EndProject
Global
	GlobalSection(SolutionConfigurationPlatforms) = preSolution
		Debug|Any CPU = Debug|Any CPU
		Release|Any CPU = Release|Any CPU
	EndGlobalSection
	GlobalSection(ProjectConfigurationPlatforms) = postSolution
		{5D6C0A45-969B-40B5-82E5-D6233C799208}.Debug|Any CPU.ActiveCfg = Debug|Any CPU
		{5D6C0A45-969B-40B5-82E5-D6233C799208}.Debug|Any CPU.Build.0 = Debug|Any CPU
		{5D6C0A45-969B-40B5-82E5-D6233C799208}.Release|Any CPU.ActiveCfg = Release|Any CPU
		{5D6C0A45-969B-40B5-82E5-D6233C799208}.Release|Any CPU.Build.0 = Release|Any CPU
		{04F0C79C-B2E7-478D-AE5C-1BA1E0F6EA36}.Debug|Any CPU.ActiveCfg = Debug|Any CPU
		{04F0C79C-B2E7-478D-AE5C-1BA1E0F6EA36}.Debug|Any CPU.Build.0 = Debug|Any CPU
		{04F0C79C-B2E7-478D-AE5C-1BA1E0F6EA36}.Release|Any CPU.ActiveCfg = Release|Any CPU
		{04F0C79C-B2E7-478D-AE5C-1BA1E0F6EA36}.Release|Any CPU.Build.0 = Release|Any CPU
	EndGlobalSection
	GlobalSection(SolutionProperties) = preSolution
		HideSolutionNode = FALSE
	EndGlobalSection
EndGlobal
